
Microsoft Visual Studio Solution File, Format Version 12.00
# Visual Studio Version 16
VisualStudioVersion = 16.0.28729.10
MinimumVisualStudioVersion = 10.0.40219.1
Project("{FAE04EC0-301F-11D3-BF4B-00C04F79EFBC}") = "PronamaChanIde2019", "PronamaChanIde2019\PronamaChanIde2019.csproj", "{CC6506F5-F68E-447E-AABD-308DE42950D7}"
EndProject
Project("{FAE04EC0-301F-11D3-BF4B-00C04F79EFBC}") = "PronamaChanIde2019.Shells", "PronamaChanIde2019.Shells\PronamaChanIde2019.Shells.csproj", "{C423DE56-57CF-483A-B716-6588EEA4907B}"
EndProject
Project("{FAE04EC0-301F-11D3-BF4B-00C04F79EFBC}") = "PronamaChanIde2019.ShellChecker", "PronamaChanIde2019.ShellChecker\PronamaChanIde2019.ShellChecker.csproj", "{7E2926F4-A98B-4BF7-97C1-25F187E8E7C5}"
EndProject
Global
	GlobalSection(SolutionConfigurationPlatforms) = preSolution
		Debug|Any CPU = Debug|Any CPU
		Release|Any CPU = Release|Any CPU
	EndGlobalSection
	GlobalSection(ProjectConfigurationPlatforms) = postSolution
		{CC6506F5-F68E-447E-AABD-308DE42950D7}.Debug|Any CPU.ActiveCfg = Debug|Any CPU
		{CC6506F5-F68E-447E-AABD-308DE42950D7}.Debug|Any CPU.Build.0 = Debug|Any CPU
		{CC6506F5-F68E-447E-AABD-308DE42950D7}.Release|Any CPU.ActiveCfg = Release|Any CPU
		{CC6506F5-F68E-447E-AABD-308DE42950D7}.Release|Any CPU.Build.0 = Release|Any CPU
		{C423DE56-57CF-483A-B716-6588EEA4907B}.Debug|Any CPU.ActiveCfg = Debug|Any CPU
		{C423DE56-57CF-483A-B716-6588EEA4907B}.Debug|Any CPU.Build.0 = Debug|Any CPU
		{C423DE56-57CF-483A-B716-6588EEA4907B}.Release|Any CPU.ActiveCfg = Release|Any CPU
		{C423DE56-57CF-483A-B716-6588EEA4907B}.Release|Any CPU.Build.0 = Release|Any CPU
		{7E2926F4-A98B-4BF7-97C1-25F187E8E7C5}.Debug|Any CPU.ActiveCfg = Debug|Any CPU
		{7E2926F4-A98B-4BF7-97C1-25F187E8E7C5}.Debug|Any CPU.Build.0 = Debug|Any CPU
		{7E2926F4-A98B-4BF7-97C1-25F187E8E7C5}.Release|Any CPU.ActiveCfg = Release|Any CPU
		{7E2926F4-A98B-4BF7-97C1-25F187E8E7C5}.Release|Any CPU.Build.0 = Release|Any CPU
	EndGlobalSection
	GlobalSection(SolutionProperties) = preSolution
		HideSolutionNode = FALSE
	EndGlobalSection
	GlobalSection(ExtensibilityGlobals) = postSolution
		SolutionGuid = {51D770E6-FEB2-4120-A4AE-725D4BF0E60A}
	EndGlobalSection
EndGlobal
