
Microsoft Visual Studio Solution File, Format Version 12.00
# Visual Studio Version 17
VisualStudioVersion = 17.0.31903.59
MinimumVisualStudioVersion = 10.0.40219.1
Project("{FAE04EC0-301F-11D3-BF4B-00C04F79EFBC}") = "PronamaChanIde2019", "PronamaChanIde2019\PronamaChanIde2019.csproj", "{CC6506F5-F68E-447E-AABD-308DE42950D7}"
EndProject
Project("{FAE04EC0-301F-11D3-BF4B-00C04F79EFBC}") = "PronamaChanIde2019.Shells", "PronamaChanIde2019.Shells\PronamaChanIde2019.Shells.csproj", "{C423DE56-57CF-483A-B716-6588EEA4907B}"
EndProject
Project("{FAE04EC0-301F-11D3-BF4B-00C04F79EFBC}") = "PronamaChanIde2019.ShellChecker", "PronamaChanIde2019.ShellChecker\PronamaChanIde2019.ShellChecker.csproj", "{7E2926F4-A98B-4BF7-97C1-25F187E8E7C5}"
EndProject
Project("{FAE04EC0-301F-11D3-BF4B-00C04F79EFBC}") = "PronamaChanIde2022", "PronamaChanIde2022\PronamaChanIde2022.csproj", "{888BE3BA-E404-43CE-A2DA-8A923D3A8546}"
EndProject
Global
	GlobalSection(SolutionConfigurationPlatforms) = preSolution
		Debug|Any CPU = Debug|Any CPU
		Debug|ARM64 = Debug|ARM64
		Debug|x64 = Debug|x64
		Debug|x86 = Debug|x86
		Release|Any CPU = Release|Any CPU
		Release|ARM64 = Release|ARM64
		Release|x64 = Release|x64
		Release|x86 = Release|x86
	EndGlobalSection
	GlobalSection(ProjectConfigurationPlatforms) = postSolution
		{CC6506F5-F68E-447E-AABD-308DE42950D7}.Debug|Any CPU.ActiveCfg = Debug|Any CPU
		{CC6506F5-F68E-447E-AABD-308DE42950D7}.Debug|Any CPU.Build.0 = Debug|Any CPU
		{CC6506F5-F68E-447E-AABD-308DE42950D7}.Debug|ARM64.ActiveCfg = Debug|Any CPU
		{CC6506F5-F68E-447E-AABD-308DE42950D7}.Debug|x64.ActiveCfg = Debug|x64
		{CC6506F5-F68E-447E-AABD-308DE42950D7}.Debug|x64.Build.0 = Debug|x64
		{CC6506F5-F68E-447E-AABD-308DE42950D7}.Debug|x86.ActiveCfg = Debug|Any CPU
		{CC6506F5-F68E-447E-AABD-308DE42950D7}.Debug|x86.Build.0 = Debug|Any CPU
		{CC6506F5-F68E-447E-AABD-308DE42950D7}.Release|Any CPU.ActiveCfg = Release|Any CPU
		{CC6506F5-F68E-447E-AABD-308DE42950D7}.Release|Any CPU.Build.0 = Release|Any CPU
		{CC6506F5-F68E-447E-AABD-308DE42950D7}.Release|ARM64.ActiveCfg = Release|Any CPU
		{CC6506F5-F68E-447E-AABD-308DE42950D7}.Release|x64.ActiveCfg = Release|x64
		{CC6506F5-F68E-447E-AABD-308DE42950D7}.Release|x64.Build.0 = Release|x64
		{CC6506F5-F68E-447E-AABD-308DE42950D7}.Release|x86.ActiveCfg = Release|x86
		{CC6506F5-F68E-447E-AABD-308DE42950D7}.Release|x86.Build.0 = Release|x86
		{C423DE56-57CF-483A-B716-6588EEA4907B}.Debug|Any CPU.ActiveCfg = Debug|Any CPU
		{C423DE56-57CF-483A-B716-6588EEA4907B}.Debug|Any CPU.Build.0 = Debug|Any CPU
		{C423DE56-57CF-483A-B716-6588EEA4907B}.Debug|ARM64.ActiveCfg = Debug|Any CPU
		{C423DE56-57CF-483A-B716-6588EEA4907B}.Debug|ARM64.Build.0 = Debug|Any CPU
		{C423DE56-57CF-483A-B716-6588EEA4907B}.Debug|x64.ActiveCfg = Debug|x64
		{C423DE56-57CF-483A-B716-6588EEA4907B}.Debug|x64.Build.0 = Debug|x64
		{C423DE56-57CF-483A-B716-6588EEA4907B}.Debug|x86.ActiveCfg = Debug|Any CPU
		{C423DE56-57CF-483A-B716-6588EEA4907B}.Debug|x86.Build.0 = Debug|Any CPU
		{C423DE56-57CF-483A-B716-6588EEA4907B}.Release|Any CPU.ActiveCfg = Release|Any CPU
		{C423DE56-57CF-483A-B716-6588EEA4907B}.Release|Any CPU.Build.0 = Release|Any CPU
		{C423DE56-57CF-483A-B716-6588EEA4907B}.Release|ARM64.ActiveCfg = Release|Any CPU
		{C423DE56-57CF-483A-B716-6588EEA4907B}.Release|ARM64.Build.0 = Release|Any CPU
		{C423DE56-57CF-483A-B716-6588EEA4907B}.Release|x64.ActiveCfg = Release|x64
		{C423DE56-57CF-483A-B716-6588EEA4907B}.Release|x64.Build.0 = Release|x64
		{C423DE56-57CF-483A-B716-6588EEA4907B}.Release|x86.ActiveCfg = Release|x86
		{C423DE56-57CF-483A-B716-6588EEA4907B}.Release|x86.Build.0 = Release|x86
		{7E2926F4-A98B-4BF7-97C1-25F187E8E7C5}.Debug|Any CPU.ActiveCfg = Debug|Any CPU
		{7E2926F4-A98B-4BF7-97C1-25F187E8E7C5}.Debug|Any CPU.Build.0 = Debug|Any CPU
		{7E2926F4-A98B-4BF7-97C1-25F187E8E7C5}.Debug|ARM64.ActiveCfg = Debug|Any CPU
		{7E2926F4-A98B-4BF7-97C1-25F187E8E7C5}.Debug|ARM64.Build.0 = Debug|Any CPU
		{7E2926F4-A98B-4BF7-97C1-25F187E8E7C5}.Debug|x64.ActiveCfg = Debug|x64
		{7E2926F4-A98B-4BF7-97C1-25F187E8E7C5}.Debug|x64.Build.0 = Debug|x64
		{7E2926F4-A98B-4BF7-97C1-25F187E8E7C5}.Debug|x86.ActiveCfg = Debug|Any CPU
		{7E2926F4-A98B-4BF7-97C1-25F187E8E7C5}.Debug|x86.Build.0 = Debug|Any CPU
		{7E2926F4-A98B-4BF7-97C1-25F187E8E7C5}.Release|Any CPU.ActiveCfg = Release|Any CPU
		{7E2926F4-A98B-4BF7-97C1-25F187E8E7C5}.Release|Any CPU.Build.0 = Release|Any CPU
		{7E2926F4-A98B-4BF7-97C1-25F187E8E7C5}.Release|ARM64.ActiveCfg = Release|Any CPU
		{7E2926F4-A98B-4BF7-97C1-25F187E8E7C5}.Release|x64.ActiveCfg = Release|x64
		{7E2926F4-A98B-4BF7-97C1-25F187E8E7C5}.Release|x64.Build.0 = Release|x64
		{7E2926F4-A98B-4BF7-97C1-25F187E8E7C5}.Release|x86.ActiveCfg = Release|x86
		{7E2926F4-A98B-4BF7-97C1-25F187E8E7C5}.Release|x86.Build.0 = Release|x86
		{888BE3BA-E404-43CE-A2DA-8A923D3A8546}.Debug|Any CPU.ActiveCfg = Debug|Any CPU
		{888BE3BA-E404-43CE-A2DA-8A923D3A8546}.Debug|Any CPU.Build.0 = Debug|Any CPU
		{888BE3BA-E404-43CE-A2DA-8A923D3A8546}.Debug|ARM64.ActiveCfg = Debug|Any CPU
		{888BE3BA-E404-43CE-A2DA-8A923D3A8546}.Debug|x64.ActiveCfg = Debug|x64
		{888BE3BA-E404-43CE-A2DA-8A923D3A8546}.Debug|x64.Build.0 = Debug|x64
		{888BE3BA-E404-43CE-A2DA-8A923D3A8546}.Debug|x86.ActiveCfg = Debug|x86
		{888BE3BA-E404-43CE-A2DA-8A923D3A8546}.Debug|x86.Build.0 = Debug|x86
		{888BE3BA-E404-43CE-A2DA-8A923D3A8546}.Release|Any CPU.ActiveCfg = Release|Any CPU
		{888BE3BA-E404-43CE-A2DA-8A923D3A8546}.Release|Any CPU.Build.0 = Release|Any CPU
		{888BE3BA-E404-43CE-A2DA-8A923D3A8546}.Release|ARM64.ActiveCfg = Release|arm64
		{888BE3BA-E404-43CE-A2DA-8A923D3A8546}.Release|ARM64.Build.0 = Release|arm64
		{888BE3BA-E404-43CE-A2DA-8A923D3A8546}.Release|x64.ActiveCfg = Release|x64
		{888BE3BA-E404-43CE-A2DA-8A923D3A8546}.Release|x64.Build.0 = Release|x64
		{888BE3BA-E404-43CE-A2DA-8A923D3A8546}.Release|x86.ActiveCfg = Release|x86
		{888BE3BA-E404-43CE-A2DA-8A923D3A8546}.Release|x86.Build.0 = Release|x86
	EndGlobalSection
	GlobalSection(SolutionProperties) = preSolution
		HideSolutionNode = FALSE
	EndGlobalSection
	GlobalSection(ExtensibilityGlobals) = postSolution
		SolutionGuid = {51D770E6-FEB2-4120-A4AE-725D4BF0E60A}
	EndGlobalSection
EndGlobal
